{
  "name": "faust-rt-ui",
  "version": "0.0.0",
  "lockfileVersion": 3,
  "requires": true,
  "packages": {
    "": {
      "name": "faust-rt-ui",
      "version": "0.0.0",
      "dependencies": {
        "@shren/faust-ui": "^1.1.19"
      }
    },
    "node_modules/@shren/faust-ui": {
      "version": "1.1.19",
      "resolved": "https://registry.npmjs.org/@shren/faust-ui/-/faust-ui-1.1.19.tgz",
      "integrity": "sha512-PZvNsdDM2H4l3NTZV1in38oqe03GWxGohsMefom0luOUVmfntp7ctb1eW7s+vkUKAJH5je5tIlbynigqTQ0gjA==",
      "license": "GPL-3.0-or-later"
    }
  }
}
